
Microsoft Visual Studio Solution File, Format Version 12.00
# Visual Studio 2012
Project("{FAE04EC0-301F-11D3-BF4B-00C04F79EFBC}") = "LogglyTarget", "LogglyTarget.csproj", "{CAD57921-9902-430C-A349-F67EE636576D}"
EndProject
Project("{2150E333-8FDC-42A3-9474-1A3956D46DE8}") = ".nuget", ".nuget", "{F483C17C-6435-411C-ABB1-6CFFB8B33D58}"
	ProjectSection(SolutionItems) = preProject
		.nuget\NuGet.Config = .nuget\NuGet.Config
		.nuget\NuGet.exe = .nuget\NuGet.exe
		.nuget\NuGet.targets = .nuget\NuGet.targets
	EndProjectSection
EndProject
Global
	GlobalSection(SolutionConfigurationPlatforms) = preSolution
		Debug|Any CPU = Debug|Any CPU
		Debug|x86 = Debug|x86
		Release|Any CPU = Release|Any CPU
		Release|x86 = Release|x86
	EndGlobalSection
	GlobalSection(ProjectConfigurationPlatforms) = postSolution
		{CAD57921-9902-430C-A349-F67EE636576D}.Debug|Any CPU.ActiveCfg = Debug|Any CPU
		{CAD57921-9902-430C-A349-F67EE636576D}.Debug|Any CPU.Build.0 = Debug|Any CPU
		{CAD57921-9902-430C-A349-F67EE636576D}.Debug|Any CPU.Deploy.0 = Debug|Any CPU
		{CAD57921-9902-430C-A349-F67EE636576D}.Debug|x86.ActiveCfg = Debug|x86
		{CAD57921-9902-430C-A349-F67EE636576D}.Debug|x86.Build.0 = Debug|x86
		{CAD57921-9902-430C-A349-F67EE636576D}.Release|Any CPU.ActiveCfg = Release|Any CPU
		{CAD57921-9902-430C-A349-F67EE636576D}.Release|Any CPU.Build.0 = Release|Any CPU
		{CAD57921-9902-430C-A349-F67EE636576D}.Release|x86.ActiveCfg = Release|x86
		{CAD57921-9902-430C-A349-F67EE636576D}.Release|x86.Build.0 = Release|x86
	EndGlobalSection
	GlobalSection(SolutionProperties) = preSolution
		HideSolutionNode = FALSE
	EndGlobalSection
EndGlobal
